
Microsoft Visual Studio Solution File, Format Version 12.00
# Visual Studio Version 16
VisualStudioVersion = 16.0.29911.84
MinimumVisualStudioVersion = 10.0.40219.1
Project("{FAE04EC0-301F-11D3-BF4B-00C04F79EFBC}") = "BHH_WCS_ByXgHao", "BHH_WCS_ByXgHao\BHH_WCS_ByXgHao.csproj", "{17D31044-B042-42F1-9239-315876B013D9}"
EndProject
Project("{FAE04EC0-301F-11D3-BF4B-00C04F79EFBC}") = "BLL", "BLL\BLL.csproj", "{DD33E17A-C5BD-4CF7-9604-8E122712CA9B}"
EndProject
Project("{FAE04EC0-301F-11D3-BF4B-00C04F79EFBC}") = "ComResolution", "ComResolution\ComResolution.csproj", "{179147AC-9B10-4122-989B-C4353C9F3208}"
EndProject
Project("{FAE04EC0-301F-11D3-BF4B-00C04F79EFBC}") = "BaseData", "BaseData\BaseData.csproj", "{21133933-11FB-480F-BB39-219EBF1E85B5}"
EndProject
Project("{FAE04EC0-301F-11D3-BF4B-00C04F79EFBC}") = "COMRW", "COMRW\COMRW.csproj", "{CDCAD39C-0611-48A6-9E6B-E838D977C958}"
EndProject
Project("{FAE04EC0-301F-11D3-BF4B-00C04F79EFBC}") = "Bap.LibNodave", "Bap.LibNodave\Bap.LibNodave.csproj", "{6656DC1C-FFB6-4027-8BE0-14F9A9E04303}"
EndProject
Project("{FAE04EC0-301F-11D3-BF4B-00C04F79EFBC}") = "DataOperate", "DataOperate\DataOperate.csproj", "{2C12D482-752A-4ED4-ABE0-A3D50A3A18BE}"
EndProject
Project("{FAE04EC0-301F-11D3-BF4B-00C04F79EFBC}") = "Model", "Model\Model.csproj", "{1FC549F0-6C96-437C-BFCC-9A4EA7D686DA}"
EndProject
Project("{FAE04EC0-301F-11D3-BF4B-00C04F79EFBC}") = "TimeSpanCount", "TimeSpanCount\TimeSpanCount.csproj", "{16CD8A76-0D04-4C1E-A7DA-05AF3D7969EE}"
EndProject
Project("{FAE04EC0-301F-11D3-BF4B-00C04F79EFBC}") = "LedDisplay", "LedDisplay\LedDisplay.csproj", "{0ECAFAC5-16C4-4E44-B759-405682199EB7}"
EndProject
Global
	GlobalSection(SolutionConfigurationPlatforms) = preSolution
		Debug|Any CPU = Debug|Any CPU
		Release|Any CPU = Release|Any CPU
	EndGlobalSection
	GlobalSection(ProjectConfigurationPlatforms) = postSolution
		{17D31044-B042-42F1-9239-315876B013D9}.Debug|Any CPU.ActiveCfg = Debug|Any CPU
		{17D31044-B042-42F1-9239-315876B013D9}.Debug|Any CPU.Build.0 = Debug|Any CPU
		{17D31044-B042-42F1-9239-315876B013D9}.Release|Any CPU.ActiveCfg = Release|Any CPU
		{17D31044-B042-42F1-9239-315876B013D9}.Release|Any CPU.Build.0 = Release|Any CPU
		{DD33E17A-C5BD-4CF7-9604-8E122712CA9B}.Debug|Any CPU.ActiveCfg = Debug|Any CPU
		{DD33E17A-C5BD-4CF7-9604-8E122712CA9B}.Debug|Any CPU.Build.0 = Debug|Any CPU
		{DD33E17A-C5BD-4CF7-9604-8E122712CA9B}.Release|Any CPU.ActiveCfg = Release|Any CPU
		{DD33E17A-C5BD-4CF7-9604-8E122712CA9B}.Release|Any CPU.Build.0 = Release|Any CPU
		{179147AC-9B10-4122-989B-C4353C9F3208}.Debug|Any CPU.ActiveCfg = Debug|Any CPU
		{179147AC-9B10-4122-989B-C4353C9F3208}.Debug|Any CPU.Build.0 = Debug|Any CPU
		{179147AC-9B10-4122-989B-C4353C9F3208}.Release|Any CPU.ActiveCfg = Release|Any CPU
		{179147AC-9B10-4122-989B-C4353C9F3208}.Release|Any CPU.Build.0 = Release|Any CPU
		{21133933-11FB-480F-BB39-219EBF1E85B5}.Debug|Any CPU.ActiveCfg = Debug|Any CPU
		{21133933-11FB-480F-BB39-219EBF1E85B5}.Debug|Any CPU.Build.0 = Debug|Any CPU
		{21133933-11FB-480F-BB39-219EBF1E85B5}.Release|Any CPU.ActiveCfg = Release|Any CPU
		{21133933-11FB-480F-BB39-219EBF1E85B5}.Release|Any CPU.Build.0 = Release|Any CPU
		{CDCAD39C-0611-48A6-9E6B-E838D977C958}.Debug|Any CPU.ActiveCfg = Debug|Any CPU
		{CDCAD39C-0611-48A6-9E6B-E838D977C958}.Debug|Any CPU.Build.0 = Debug|Any CPU
		{CDCAD39C-0611-48A6-9E6B-E838D977C958}.Release|Any CPU.ActiveCfg = Release|Any CPU
		{CDCAD39C-0611-48A6-9E6B-E838D977C958}.Release|Any CPU.Build.0 = Release|Any CPU
		{6656DC1C-FFB6-4027-8BE0-14F9A9E04303}.Debug|Any CPU.ActiveCfg = Debug|Any CPU
		{6656DC1C-FFB6-4027-8BE0-14F9A9E04303}.Debug|Any CPU.Build.0 = Debug|Any CPU
		{6656DC1C-FFB6-4027-8BE0-14F9A9E04303}.Release|Any CPU.ActiveCfg = Release|Any CPU
		{6656DC1C-FFB6-4027-8BE0-14F9A9E04303}.Release|Any CPU.Build.0 = Release|Any CPU
		{2C12D482-752A-4ED4-ABE0-A3D50A3A18BE}.Debug|Any CPU.ActiveCfg = Debug|Any CPU
		{2C12D482-752A-4ED4-ABE0-A3D50A3A18BE}.Debug|Any CPU.Build.0 = Debug|Any CPU
		{2C12D482-752A-4ED4-ABE0-A3D50A3A18BE}.Release|Any CPU.ActiveCfg = Release|Any CPU
		{2C12D482-752A-4ED4-ABE0-A3D50A3A18BE}.Release|Any CPU.Build.0 = Release|Any CPU
		{1FC549F0-6C96-437C-BFCC-9A4EA7D686DA}.Debug|Any CPU.ActiveCfg = Debug|Any CPU
		{1FC549F0-6C96-437C-BFCC-9A4EA7D686DA}.Debug|Any CPU.Build.0 = Debug|Any CPU
		{1FC549F0-6C96-437C-BFCC-9A4EA7D686DA}.Release|Any CPU.ActiveCfg = Release|Any CPU
		{1FC549F0-6C96-437C-BFCC-9A4EA7D686DA}.Release|Any CPU.Build.0 = Release|Any CPU
		{16CD8A76-0D04-4C1E-A7DA-05AF3D7969EE}.Debug|Any CPU.ActiveCfg = Debug|Any CPU
		{16CD8A76-0D04-4C1E-A7DA-05AF3D7969EE}.Debug|Any CPU.Build.0 = Debug|Any CPU
		{16CD8A76-0D04-4C1E-A7DA-05AF3D7969EE}.Release|Any CPU.ActiveCfg = Release|Any CPU
		{16CD8A76-0D04-4C1E-A7DA-05AF3D7969EE}.Release|Any CPU.Build.0 = Release|Any CPU
		{0ECAFAC5-16C4-4E44-B759-405682199EB7}.Debug|Any CPU.ActiveCfg = Debug|Any CPU
		{0ECAFAC5-16C4-4E44-B759-405682199EB7}.Debug|Any CPU.Build.0 = Debug|Any CPU
		{0ECAFAC5-16C4-4E44-B759-405682199EB7}.Release|Any CPU.ActiveCfg = Release|Any CPU
		{0ECAFAC5-16C4-4E44-B759-405682199EB7}.Release|Any CPU.Build.0 = Release|Any CPU
	EndGlobalSection
	GlobalSection(SolutionProperties) = preSolution
		HideSolutionNode = FALSE
	EndGlobalSection
	GlobalSection(ExtensibilityGlobals) = postSolution
		SolutionGuid = {A016573E-6354-4BD5-9D96-D81891CBAA51}
	EndGlobalSection
EndGlobal
